
Microsoft Visual Studio Solution File, Format Version 12.00
Project("{FAE04EC0-301F-11D3-BF4B-00C04F79EFBC}") = "SampleBlazorClient", "SampleBlazorClient\SampleBlazorClient.csproj", "{5301BB68-A27D-4D92-92AE-693AE1FABF6D}"
EndProject
Project("{FAE04EC0-301F-11D3-BF4B-00C04F79EFBC}") = "BankRup", "BankRup\BankRup.csproj", "{79188E14-2862-42E6-9227-CE48A0BEC294}"
EndProject
Global
	GlobalSection(SolutionConfigurationPlatforms) = preSolution
		Debug|Any CPU = Debug|Any CPU
		Release|Any CPU = Release|Any CPU
	EndGlobalSection
	GlobalSection(ProjectConfigurationPlatforms) = postSolution
		{79188E14-2862-42E6-9227-CE48A0BEC294}.Debug|Any CPU.ActiveCfg = Debug|Any CPU
		{79188E14-2862-42E6-9227-CE48A0BEC294}.Debug|Any CPU.Build.0 = Debug|Any CPU
		{79188E14-2862-42E6-9227-CE48A0BEC294}.Release|Any CPU.ActiveCfg = Release|Any CPU
		{79188E14-2862-42E6-9227-CE48A0BEC294}.Release|Any CPU.Build.0 = Release|Any CPU
	EndGlobalSection
EndGlobal
